{
  "pins" : [
    {
      "identity" : "defaults",
      "kind" : "remoteSourceControl",
      "location" : "https://github.com/sindresorhus/Defaults.git",
      "state" : {
        "revision" : "981ccb0a01c54abbe3c12ccb8226108527bbf115",
        "version" : "6.3.0"
      }
    },
    {
      "identity" : "llama.cpp",
      "kind" : "remoteSourceControl",
      "location" : "https://github.com/ggerganov/llama.cpp",
      "state" : {
        "branch" : "master",
        "revision" : "eeaa7b0492fc79baab8bb1fe195d6c87159f2bd3"
      }
    }
  ],
  "version" : 2
}
